
Microsoft Visual Studio Solution File, Format Version 12.00
# Visual Studio Version 17
VisualStudioVersion = 17.13.35818.85 d17.13
MinimumVisualStudioVersion = 10.0.40219.1
Project("{8BC9CEB8-8B4A-11D0-8D11-00A0C91BC942}") = "ConsoleApplication1", "ConsoleApplication1.vcxproj", "{AC3F6354-3CDF-4ECE-A68A-6E78752B4C5E}"
EndProject
Global
	GlobalSection(SolutionConfigurationPlatforms) = preSolution
		Debug|x64 = Debug|x64
		Debug|x86 = Debug|x86
		Release|x64 = Release|x64
		Release|x86 = Release|x86
	EndGlobalSection
	GlobalSection(ProjectConfigurationPlatforms) = postSolution
		{AC3F6354-3CDF-4ECE-A68A-6E78752B4C5E}.Debug|x64.ActiveCfg = Debug|x64
		{AC3F6354-3CDF-4ECE-A68A-6E78752B4C5E}.Debug|x64.Build.0 = Debug|x64
		{AC3F6354-3CDF-4ECE-A68A-6E78752B4C5E}.Debug|x86.ActiveCfg = Debug|Win32
		{AC3F6354-3CDF-4ECE-A68A-6E78752B4C5E}.Debug|x86.Build.0 = Debug|Win32
		{AC3F6354-3CDF-4ECE-A68A-6E78752B4C5E}.Release|x64.ActiveCfg = Release|x64
		{AC3F6354-3CDF-4ECE-A68A-6E78752B4C5E}.Release|x64.Build.0 = Release|x64
		{AC3F6354-3CDF-4ECE-A68A-6E78752B4C5E}.Release|x86.ActiveCfg = Release|Win32
		{AC3F6354-3CDF-4ECE-A68A-6E78752B4C5E}.Release|x86.Build.0 = Release|Win32
	EndGlobalSection
	GlobalSection(SolutionProperties) = preSolution
		HideSolutionNode = FALSE
	EndGlobalSection
	GlobalSection(ExtensibilityGlobals) = postSolution
		SolutionGuid = {1F95D62E-DA37-4DE4-A0C5-799E76471967}
	EndGlobalSection
EndGlobal
